// !$*UTF8*$!
{
	archiveVersion = 1;
	classes = {
	};
	objectVersion = 55;
	objects = {

/* Begin PBXBuildFile section */
		14B1E87A61EBEFB732F11EFE /* Pods_Parstagram_ParstagramUITests.framework in Frameworks */ = {isa = PBXBuildFile; fileRef = 3CE8114CA4A3C516D340E99C /* Pods_Parstagram_ParstagramUITests.framework */; };
		981ED8A0AF8C628B55A4A560 /* Pods_Parstagram.framework in Frameworks */ = {isa = PBXBuildFile; fileRef = E97EA5DD6D15F3E87BEB631C /* Pods_Parstagram.framework */; };
		AA645695271B3ED60080CC57 /* AppDelegate.swift in Sources */ = {isa = PBXBuildFile; fileRef = AA645694271B3ED60080CC57 /* AppDelegate.swift */; };
		AA645697271B3ED60080CC57 /* SceneDelegate.swift in Sources */ = {isa = PBXBuildFile; fileRef = AA645696271B3ED60080CC57 /* SceneDelegate.swift */; };
		AA64569C271B3ED60080CC57 /* Main.storyboard in Resources */ = {isa = PBXBuildFile; fileRef = AA64569A271B3ED60080CC57 /* Main.storyboard */; };
		AA64569E271B3ED90080CC57 /* Assets.xcassets in Resources */ = {isa = PBXBuildFile; fileRef = AA64569D271B3ED90080CC57 /* Assets.xcassets */; };
		AA6456A1271B3ED90080CC57 /* LaunchScreen.storyboard in Resources */ = {isa = PBXBuildFile; fileRef = AA64569F271B3ED90080CC57 /* LaunchScreen.storyboard */; };
		AA6456AC271B3ED90080CC57 /* ParstagramTests.swift in Sources */ = {isa = PBXBuildFile; fileRef = AA6456AB271B3ED90080CC57 /* ParstagramTests.swift */; };
		AA6456B6271B3ED90080CC57 /* ParstagramUITests.swift in Sources */ = {isa = PBXBuildFile; fileRef = AA6456B5271B3ED90080CC57 /* ParstagramUITests.swift */; };
		AA6456B8271B3ED90080CC57 /* ParstagramUITestsLaunchTests.swift in Sources */ = {isa = PBXBuildFile; fileRef = AA6456B7271B3ED90080CC57 /* ParstagramUITestsLaunchTests.swift */; };
		AA6456C5271BC0840080CC57 /* LoginViewController.swift in Sources */ = {isa = PBXBuildFile; fileRef = AA6456C4271BC0840080CC57 /* LoginViewController.swift */; };
		AA6456C7271BC0930080CC57 /* FeedViewController.swift in Sources */ = {isa = PBXBuildFile; fileRef = AA6456C6271BC0930080CC57 /* FeedViewController.swift */; };
		AA6456C9271BCBF60080CC57 /* CameraViewController.swift in Sources */ = {isa = PBXBuildFile; fileRef = AA6456C8271BCBF50080CC57 /* CameraViewController.swift */; };
		AA6456CD271BD8360080CC57 /* PostCell.swift in Sources */ = {isa = PBXBuildFile; fileRef = AA6456CC271BD8360080CC57 /* PostCell.swift */; };
		AAEA89CE272A05E2007799C9 /* CommentCell.swift in Sources */ = {isa = PBXBuildFile; fileRef = AAEA89CD272A05E2007799C9 /* CommentCell.swift */; };
		FE0265B0C768390DA8A44F3D /* Pods_ParstagramTests.framework in Frameworks */ = {isa = PBXBuildFile; fileRef = AD759FBB03F688C927D1C672 /* Pods_ParstagramTests.framework */; };
/* End PBXBuildFile section */

/* Begin PBXContainerItemProxy section */
		AA6456A8271B3ED90080CC57 /* PBXContainerItemProxy */ = {
			isa = PBXContainerItemProxy;
			containerPortal = AA645689271B3ED60080CC57 /* Project object */;
			proxyType = 1;
			remoteGlobalIDString = AA645690271B3ED60080CC57;
			remoteInfo = Parstagram;
		};
		AA6456B2271B3ED90080CC57 /* PBXContainerItemProxy */ = {
			isa = PBXContainerItemProxy;
			containerPortal = AA645689271B3ED60080CC57 /* Project object */;
			proxyType = 1;
			remoteGlobalIDString = AA645690271B3ED60080CC57;
			remoteInfo = Parstagram;
		};
/* End PBXContainerItemProxy section */

/* Begin PBXFileReference section */
		3CE8114CA4A3C516D340E99C /* Pods_Parstagram_ParstagramUITests.framework */ = {isa = PBXFileReference; explicitFileType = wrapper.framework; includeInIndex = 0; path = Pods_Parstagram_ParstagramUITests.framework; sourceTree = BUILT_PRODUCTS_DIR; };
		41590F174827DF26B747B587 /* Pods-ParstagramTests.debug.xcconfig */ = {isa = PBXFileReference; includeInIndex = 1; lastKnownFileType = text.xcconfig; name = "Pods-ParstagramTests.debug.xcconfig"; path = "Target Support Files/Pods-ParstagramTests/Pods-ParstagramTests.debug.xcconfig"; sourceTree = "<group>"; };
		5C6618EA7462B0F5C3957D09 /* Pods-Parstagram.debug.xcconfig */ = {isa = PBXFileReference; includeInIndex = 1; lastKnownFileType = text.xcconfig; name = "Pods-Parstagram.debug.xcconfig"; path = "Target Support Files/Pods-Parstagram/Pods-Parstagram.debug.xcconfig"; sourceTree = "<group>"; };
		AA645691271B3ED60080CC57 /* Parstagram.app */ = {isa = PBXFileReference; explicitFileType = wrapper.application; includeInIndex = 0; path = Parstagram.app; sourceTree = BUILT_PRODUCTS_DIR; };
		AA645694271B3ED60080CC57 /* AppDelegate.swift */ = {isa = PBXFileReference; lastKnownFileType = sourcecode.swift; path = AppDelegate.swift; sourceTree = "<group>"; };
		AA645696271B3ED60080CC57 /* SceneDelegate.swift */ = {isa = PBXFileReference; lastKnownFileType = sourcecode.swift; path = SceneDelegate.swift; sourceTree = "<group>"; };
		AA64569B271B3ED60080CC57 /* Base */ = {isa = PBXFileReference; lastKnownFileType = file.storyboard; name = Base; path = Base.lproj/Main.storyboard; sourceTree = "<group>"; };
		AA64569D271B3ED90080CC57 /* Assets.xcassets */ = {isa = PBXFileReference; lastKnownFileType = folder.assetcatalog; path = Assets.xcassets; sourceTree = "<group>"; };
		AA6456A0271B3ED90080CC57 /* Base */ = {isa = PBXFileReference; lastKnownFileType = file.storyboard; name = Base; path = Base.lproj/LaunchScreen.storyboard; sourceTree = "<group>"; };
		AA6456A2271B3ED90080CC57 /* Info.plist */ = {isa = PBXFileReference; lastKnownFileType = text.plist.xml; path = Info.plist; sourceTree = "<group>"; };
		AA6456A7271B3ED90080CC57 /* ParstagramTests.xctest */ = {isa = PBXFileReference; explicitFileType = wrapper.cfbundle; includeInIndex = 0; path = ParstagramTests.xctest; sourceTree = BUILT_PRODUCTS_DIR; };
		AA6456AB271B3ED90080CC57 /* ParstagramTests.swift */ = {isa = PBXFileReference; lastKnownFileType = sourcecode.swift; path = ParstagramTests.swift; sourceTree = "<group>"; };
		AA6456B1271B3ED90080CC57 /* ParstagramUITests.xctest */ = {isa = PBXFileReference; explicitFileType = wrapper.cfbundle; includeInIndex = 0; path = ParstagramUITests.xctest; sourceTree = BUILT_PRODUCTS_DIR; };
		AA6456B5271B3ED90080CC57 /* ParstagramUITests.swift */ = {isa = PBXFileReference; lastKnownFileType = sourcecode.swift; path = ParstagramUITests.swift; sourceTree = "<group>"; };
		AA6456B7271B3ED90080CC57 /* ParstagramUITestsLaunchTests.swift */ = {isa = PBXFileReference; lastKnownFileType = sourcecode.swift; path = ParstagramUITestsLaunchTests.swift; sourceTree = "<group>"; };
		AA6456C4271BC0840080CC57 /* LoginViewController.swift */ = {isa = PBXFileReference; lastKnownFileType = sourcecode.swift; path = LoginViewController.swift; sourceTree = "<group>"; };
		AA6456C6271BC0930080CC57 /* FeedViewController.swift */ = {isa = PBXFileReference; lastKnownFileType = sourcecode.swift; path = FeedViewController.swift; sourceTree = "<group>"; };
		AA6456C8271BCBF50080CC57 /* CameraViewController.swift */ = {isa = PBXFileReference; lastKnownFileType = sourcecode.swift; path = CameraViewController.swift; sourceTree = "<group>"; };
		AA6456CC271BD8360080CC57 /* PostCell.swift */ = {isa = PBXFileReference; lastKnownFileType = sourcecode.swift; path = PostCell.swift; sourceTree = "<group>"; };
		AAEA89CD272A05E2007799C9 /* CommentCell.swift */ = {isa = PBXFileReference; lastKnownFileType = sourcecode.swift; path = CommentCell.swift; sourceTree = "<group>"; };
		AD759FBB03F688C927D1C672 /* Pods_ParstagramTests.framework */ = {isa = PBXFileReference; explicitFileType = wrapper.framework; includeInIndex = 0; path = Pods_ParstagramTests.framework; sourceTree = BUILT_PRODUCTS_DIR; };
		C4E1C7EDB453F2E9CE544A45 /* Pods-Parstagram-ParstagramUITests.release.xcconfig */ = {isa = PBXFileReference; includeInIndex = 1; lastKnownFileType = text.xcconfig; name = "Pods-Parstagram-ParstagramUITests.release.xcconfig"; path = "Target Support Files/Pods-Parstagram-ParstagramUITests/Pods-Parstagram-ParstagramUITests.release.xcconfig"; sourceTree = "<group>"; };
		D585CF52C443349CF868E3BC /* Pods-ParstagramTests.release.xcconfig */ = {isa = PBXFileReference; includeInIndex = 1; lastKnownFileType = text.xcconfig; name = "Pods-ParstagramTests.release.xcconfig"; path = "Target Support Files/Pods-ParstagramTests/Pods-ParstagramTests.release.xcconfig"; sourceTree = "<group>"; };
		DB186741A2E97F9535274AED /* Pods-Parstagram-ParstagramUITests.debug.xcconfig */ = {isa = PBXFileReference; includeInIndex = 1; lastKnownFileType = text.xcconfig; name = "Pods-Parstagram-ParstagramUITests.debug.xcconfig"; path = "Target Support Files/Pods-Parstagram-ParstagramUITests/Pods-Parstagram-ParstagramUITests.debug.xcconfig"; sourceTree = "<group>"; };
		E97EA5DD6D15F3E87BEB631C /* Pods_Parstagram.framework */ = {isa = PBXFileReference; explicitFileType = wrapper.framework; includeInIndex = 0; path = Pods_Parstagram.framework; sourceTree = BUILT_PRODUCTS_DIR; };
		FE893ABF9D7BE623DC3F6C8A /* Pods-Parstagram.release.xcconfig */ = {isa = PBXFileReference; includeInIndex = 1; lastKnownFileType = text.xcconfig; name = "Pods-Parstagram.release.xcconfig"; path = "Target Support Files/Pods-Parstagram/Pods-Parstagram.release.xcconfig"; sourceTree = "<group>"; };
/* End PBXFileReference section */

/* Begin PBXFrameworksBuildPhase section */
		AA64568E271B3ED60080CC57 /* Frameworks */ = {
			isa = PBXFrameworksBuildPhase;
			buildActionMask = 2147483647;
			files = (
				981ED8A0AF8C628B55A4A560 /* Pods_Parstagram.framework in Frameworks */,
			);
			runOnlyForDeploymentPostprocessing = 0;
		};
		AA6456A4271B3ED90080CC57 /* Frameworks */ = {
			isa = PBXFrameworksBuildPhase;
			buildActionMask = 2147483647;
			files = (
				FE0265B0C768390DA8A44F3D /* Pods_ParstagramTests.framework in Frameworks */,
			);
			runOnlyForDeploymentPostprocessing = 0;
		};
		AA6456AE271B3ED90080CC57 /* Frameworks */ = {
			isa = PBXFrameworksBuildPhase;
			buildActionMask = 2147483647;
			files = (
				14B1E87A61EBEFB732F11EFE /* Pods_Parstagram_ParstagramUITests.framework in Frameworks */,
			);
			runOnlyForDeploymentPostprocessing = 0;
		};
/* End PBXFrameworksBuildPhase section */

/* Begin PBXGroup section */
		11020B2E01F6057750652952 /* Frameworks */ = {
			isa = PBXGroup;
			children = (
				E97EA5DD6D15F3E87BEB631C /* Pods_Parstagram.framework */,
				3CE8114CA4A3C516D340E99C /* Pods_Parstagram_ParstagramUITests.framework */,
				AD759FBB03F688C927D1C672 /* Pods_ParstagramTests.framework */,
			);
			name = Frameworks;
			sourceTree = "<group>";
		};
		5A9AE2EF6E30536252D03771 /* Pods */ = {
			isa = PBXGroup;
			children = (
				5C6618EA7462B0F5C3957D09 /* Pods-Parstagram.debug.xcconfig */,
				FE893ABF9D7BE623DC3F6C8A /* Pods-Parstagram.release.xcconfig */,
				DB186741A2E97F9535274AED /* Pods-Parstagram-ParstagramUITests.debug.xcconfig */,
				C4E1C7EDB453F2E9CE544A45 /* Pods-Parstagram-ParstagramUITests.release.xcconfig */,
				41590F174827DF26B747B587 /* Pods-ParstagramTests.debug.xcconfig */,
				D585CF52C443349CF868E3BC /* Pods-ParstagramTests.release.xcconfig */,
			);
			path = Pods;
			sourceTree = "<group>";
		};
		AA645688271B3ED60080CC57 = {
			isa = PBXGroup;
			children = (
				AA645693271B3ED60080CC57 /* Parstagram */,
				AA6456AA271B3ED90080CC57 /* ParstagramTests */,
				AA6456B4271B3ED90080CC57 /* ParstagramUITests */,
				AA645692271B3ED60080CC57 /* Products */,
				5A9AE2EF6E30536252D03771 /* Pods */,
				11020B2E01F6057750652952 /* Frameworks */,
			);
			sourceTree = "<group>";
		};
		AA645692271B3ED60080CC57 /* Products */ = {
			isa = PBXGroup;
			children = (
				AA645691271B3ED60080CC57 /* Parstagram.app */,
				AA6456A7271B3ED90080CC57 /* ParstagramTests.xctest */,
				AA6456B1271B3ED90080CC57 /* ParstagramUITests.xctest */,
			);
			name = Products;
			sourceTree = "<group>";
		};
		AA645693271B3ED60080CC57 /* Parstagram */ = {
			isa = PBXGroup;
			children = (
				AA645694271B3ED60080CC57 /* AppDelegate.swift */,
				AA645696271B3ED60080CC57 /* SceneDelegate.swift */,
				AA64569A271B3ED60080CC57 /* Main.storyboard */,
				AA64569D271B3ED90080CC57 /* Assets.xcassets */,
				AA64569F271B3ED90080CC57 /* LaunchScreen.storyboard */,
				AA6456A2271B3ED90080CC57 /* Info.plist */,
				AA6456C4271BC0840080CC57 /* LoginViewController.swift */,
				AA6456C6271BC0930080CC57 /* FeedViewController.swift */,
				AA6456C8271BCBF50080CC57 /* CameraViewController.swift */,
				AA6456CC271BD8360080CC57 /* PostCell.swift */,
				AAEA89CD272A05E2007799C9 /* CommentCell.swift */,
			);
			path = Parstagram;
			sourceTree = "<group>";
		};
		AA6456AA271B3ED90080CC57 /* ParstagramTests */ = {
			isa = PBXGroup;
			children = (
				AA6456AB271B3ED90080CC57 /* ParstagramTests.swift */,
			);
			path = ParstagramTests;
			sourceTree = "<group>";
		};
		AA6456B4271B3ED90080CC57 /* ParstagramUITests */ = {
			isa = PBXGroup;
			children = (
				AA6456B5271B3ED90080CC57 /* ParstagramUITests.swift */,
				AA6456B7271B3ED90080CC57 /* ParstagramUITestsLaunchTests.swift */,
			);
			path = ParstagramUITests;
			sourceTree = "<group>";
		};
/* End PBXGroup section */

/* Begin PBXNativeTarget section */
		AA645690271B3ED60080CC57 /* Parstagram */ = {
			isa = PBXNativeTarget;
			buildConfigurationList = AA6456BB271B3ED90080CC57 /* Build configuration list for PBXNativeTarget "Parstagram" */;
			buildPhases = (
				63D59A81EDD4CF7E0A7D4AD3 /* [CP] Check Pods Manifest.lock */,
				AA64568D271B3ED60080CC57 /* Sources */,
				AA64568E271B3ED60080CC57 /* Frameworks */,
				AA64568F271B3ED60080CC57 /* Resources */,
				0D80E4EA0232A88BF4F7AB66 /* [CP] Embed Pods Frameworks */,
			);
			buildRules = (
			);
			dependencies = (
			);
			name = Parstagram;
			productName = Parstagram;
			productReference = AA645691271B3ED60080CC57 /* Parstagram.app */;
			productType = "com.apple.product-type.application";
		};
		AA6456A6271B3ED90080CC57 /* ParstagramTests */ = {
			isa = PBXNativeTarget;
			buildConfigurationList = AA6456BE271B3ED90080CC57 /* Build configuration list for PBXNativeTarget "ParstagramTests" */;
			buildPhases = (
				8F59AAA276F28B8CBF65335E /* [CP] Check Pods Manifest.lock */,
				AA6456A3271B3ED90080CC57 /* Sources */,
				AA6456A4271B3ED90080CC57 /* Frameworks */,
				AA6456A5271B3ED90080CC57 /* Resources */,
			);
			buildRules = (
			);
			dependencies = (
				AA6456A9271B3ED90080CC57 /* PBXTargetDependency */,
			);
			name = ParstagramTests;
			productName = ParstagramTests;
			productReference = AA6456A7271B3ED90080CC57 /* ParstagramTests.xctest */;
			productType = "com.apple.product-type.bundle.unit-test";
		};
		AA6456B0271B3ED90080CC57 /* ParstagramUITests */ = {
			isa = PBXNativeTarget;
			buildConfigurationList = AA6456C1271B3ED90080CC57 /* Build configuration list for PBXNativeTarget "ParstagramUITests" */;
			buildPhases = (
				78FC11A38335FD28FD051115 /* [CP] Check Pods Manifest.lock */,
				AA6456AD271B3ED90080CC57 /* Sources */,
				AA6456AE271B3ED90080CC57 /* Frameworks */,
				AA6456AF271B3ED90080CC57 /* Resources */,
				28534F57B578D05963ED3ADA /* [CP] Embed Pods Frameworks */,
			);
			buildRules = (
			);
			dependencies = (
				AA6456B3271B3ED90080CC57 /* PBXTargetDependency */,
			);
			name = ParstagramUITests;
			productName = ParstagramUITests;
			productReference = AA6456B1271B3ED90080CC57 /* ParstagramUITests.xctest */;
			productType = "com.apple.product-type.bundle.ui-testing";
		};
/* End PBXNativeTarget section */

/* Begin PBXProject section */
		AA645689271B3ED60080CC57 /* Project object */ = {
			isa = PBXProject;
			attributes = {
				BuildIndependentTargetsInParallel = 1;
				LastSwiftUpdateCheck = 1300;
				LastUpgradeCheck = 1300;
				TargetAttributes = {
					AA645690271B3ED60080CC57 = {
						CreatedOnToolsVersion = 13.0;
					};
					AA6456A6271B3ED90080CC57 = {
						CreatedOnToolsVersion = 13.0;
						TestTargetID = AA645690271B3ED60080CC57;
					};
					AA6456B0271B3ED90080CC57 = {
						CreatedOnToolsVersion = 13.0;
						TestTargetID = AA645690271B3ED60080CC57;
					};
				};
			};
			buildConfigurationList = AA64568C271B3ED60080CC57 /* Build configuration list for PBXProject "Parstagram" */;
			compatibilityVersion = "Xcode 13.0";
			developmentRegion = en;
			hasScannedForEncodings = 0;
			knownRegions = (
				en,
				Base,
			);
			mainGroup = AA645688271B3ED60080CC57;
			productRefGroup = AA645692271B3ED60080CC57 /* Products */;
			projectDirPath = "";
			projectRoot = "";
			targets = (
				AA645690271B3ED60080CC57 /* Parstagram */,
				AA6456A6271B3ED90080CC57 /* ParstagramTests */,
				AA6456B0271B3ED90080CC57 /* ParstagramUITests */,
			);
		};
/* End PBXProject section */

/* Begin PBXResourcesBuildPhase section */
		AA64568F271B3ED60080CC57 /* Resources */ = {
			isa = PBXResourcesBuildPhase;
			buildActionMask = 2147483647;
			files = (
				AA6456A1271B3ED90080CC57 /* LaunchScreen.storyboard in Resources */,
				AA64569E271B3ED90080CC57 /* Assets.xcassets in Resources */,
				AA64569C271B3ED60080CC57 /* Main.storyboard in Resources */,
			);
			runOnlyForDeploymentPostprocessing = 0;
		};
		AA6456A5271B3ED90080CC57 /* Resources */ = {
			isa = PBXResourcesBuildPhase;
			buildActionMask = 2147483647;
			files = (
			);
			runOnlyForDeploymentPostprocessing = 0;
		};
		AA6456AF271B3ED90080CC57 /* Resources */ = {
			isa = PBXResourcesBuildPhase;
			buildActionMask = 2147483647;
			files = (
			);
			runOnlyForDeploymentPostprocessing = 0;
		};
/* End PBXResourcesBuildPhase section */

/* Begin PBXShellScriptBuildPhase section */
		0D80E4EA0232A88BF4F7AB66 /* [CP] Embed Pods Frameworks */ = {
			isa = PBXShellScriptBuildPhase;
			buildActionMask = 2147483647;
			files = (
			);
			inputFileListPaths = (
				"${PODS_ROOT}/Target Support Files/Pods-Parstagram/Pods-Parstagram-frameworks-${CONFIGURATION}-input-files.xcfilelist",
			);
			name = "[CP] Embed Pods Frameworks";
			outputFileListPaths = (
				"${PODS_ROOT}/Target Support Files/Pods-Parstagram/Pods-Parstagram-frameworks-${CONFIGURATION}-output-files.xcfilelist",
			);
			runOnlyForDeploymentPostprocessing = 0;
			shellPath = /bin/sh;
			shellScript = "\"${PODS_ROOT}/Target Support Files/Pods-Parstagram/Pods-Parstagram-frameworks.sh\"\n";
			showEnvVarsInLog = 0;
		};
		28534F57B578D05963ED3ADA /* [CP] Embed Pods Frameworks */ = {
			isa = PBXShellScriptBuildPhase;
			buildActionMask = 2147483647;
			files = (
			);
			inputFileListPaths = (
				"${PODS_ROOT}/Target Support Files/Pods-Parstagram-ParstagramUITests/Pods-Parstagram-ParstagramUITests-frameworks-${CONFIGURATION}-input-files.xcfilelist",
			);
			name = "[CP] Embed Pods Frameworks";
			outputFileListPaths = (
				"${PODS_ROOT}/Target Support Files/Pods-Parstagram-ParstagramUITests/Pods-Parstagram-ParstagramUITests-frameworks-${CONFIGURATION}-output-files.xcfilelist",
			);
			runOnlyForDeploymentPostprocessing = 0;
			shellPath = /bin/sh;
			shellScript = "\"${PODS_ROOT}/Target Support Files/Pods-Parstagram-ParstagramUITests/Pods-Parstagram-ParstagramUITests-frameworks.sh\"\n";
			showEnvVarsInLog = 0;
		};
		63D59A81EDD4CF7E0A7D4AD3 /* [CP] Check Pods Manifest.lock */ = {
			isa = PBXShellScriptBuildPhase;
			buildActionMask = 2147483647;
			files = (
			);
			inputFileListPaths = (
			);
			inputPaths = (
				"${PODS_PODFILE_DIR_PATH}/Podfile.lock",
				"${PODS_ROOT}/Manifest.lock",
			);
			name = "[CP] Check Pods Manifest.lock";
			outputFileListPaths = (
			);
			outputPaths = (
				"$(DERIVED_FILE_DIR)/Pods-Parstagram-checkManifestLockResult.txt",
			);
			runOnlyForDeploymentPostprocessing = 0;
			shellPath = /bin/sh;
			shellScript = "diff \"${PODS_PODFILE_DIR_PATH}/Podfile.lock\" \"${PODS_ROOT}/Manifest.lock\" > /dev/null\nif [ $? != 0 ] ; then\n    # print error to STDERR\n    echo \"error: The sandbox is not in sync with the Podfile.lock. Run 'pod install' or update your CocoaPods installation.\" >&2\n    exit 1\nfi\n# This output is used by Xcode 'outputs' to avoid re-running this script phase.\necho \"SUCCESS\" > \"${SCRIPT_OUTPUT_FILE_0}\"\n";
			showEnvVarsInLog = 0;
		};
		78FC11A38335FD28FD051115 /* [CP] Check Pods Manifest.lock */ = {
			isa = PBXShellScriptBuildPhase;
			buildActionMask = 2147483647;
			files = (
			);
			inputFileListPaths = (
			);
			inputPaths = (
				"${PODS_PODFILE_DIR_PATH}/Podfile.lock",
				"${PODS_ROOT}/Manifest.lock",
			);
			name = "[CP] Check Pods Manifest.lock";
			outputFileListPaths = (
			);
			outputPaths = (
				"$(DERIVED_FILE_DIR)/Pods-Parstagram-ParstagramUITests-checkManifestLockResult.txt",
			);
			runOnlyForDeploymentPostprocessing = 0;
			shellPath = /bin/sh;
			shellScript = "diff \"${PODS_PODFILE_DIR_PATH}/Podfile.lock\" \"${PODS_ROOT}/Manifest.lock\" > /dev/null\nif [ $? != 0 ] ; then\n    # print error to STDERR\n    echo \"error: The sandbox is not in sync with the Podfile.lock. Run 'pod install' or update your CocoaPods installation.\" >&2\n    exit 1\nfi\n# This output is used by Xcode 'outputs' to avoid re-running this script phase.\necho \"SUCCESS\" > \"${SCRIPT_OUTPUT_FILE_0}\"\n";
			showEnvVarsInLog = 0;
		};
		8F59AAA276F28B8CBF65335E /* [CP] Check Pods Manifest.lock */ = {
			isa = PBXShellScriptBuildPhase;
			buildActionMask = 2147483647;
			files = (
			);
			inputFileListPaths = (
			);
			inputPaths = (
				"${PODS_PODFILE_DIR_PATH}/Podfile.lock",
				"${PODS_ROOT}/Manifest.lock",
			);
			name = "[CP] Check Pods Manifest.lock";
			outputFileListPaths = (
			);
			outputPaths = (
				"$(DERIVED_FILE_DIR)/Pods-ParstagramTests-checkManifestLockResult.txt",
			);
			runOnlyForDeploymentPostprocessing = 0;
			shellPath = /bin/sh;
			shellScript = "diff \"${PODS_PODFILE_DIR_PATH}/Podfile.lock\" \"${PODS_ROOT}/Manifest.lock\" > /dev/null\nif [ $? != 0 ] ; then\n    # print error to STDERR\n    echo \"error: The sandbox is not in sync with the Podfile.lock. Run 'pod install' or update your CocoaPods installation.\" >&2\n    exit 1\nfi\n# This output is used by Xcode 'outputs' to avoid re-running this script phase.\necho \"SUCCESS\" > \"${SCRIPT_OUTPUT_FILE_0}\"\n";
			showEnvVarsInLog = 0;
		};
/* End PBXShellScriptBuildPhase section */

/* Begin PBXSourcesBuildPhase section */
		AA64568D271B3ED60080CC57 /* Sources */ = {
			isa = PBXSourcesBuildPhase;
			buildActionMask = 2147483647;
			files = (
				AA6456C5271BC0840080CC57 /* LoginViewController.swift in Sources */,
				AA6456C9271BCBF60080CC57 /* CameraViewController.swift in Sources */,
				AA645695271B3ED60080CC57 /* AppDelegate.swift in Sources */,
				AA6456C7271BC0930080CC57 /* FeedViewController.swift in Sources */,
				AA645697271B3ED60080CC57 /* SceneDelegate.swift in Sources */,
				AA6456CD271BD8360080CC57 /* PostCell.swift in Sources */,
				AAEA89CE272A05E2007799C9 /* CommentCell.swift in Sources */,
			);
			runOnlyForDeploymentPostprocessing = 0;
		};
		AA6456A3271B3ED90080CC57 /* Sources */ = {
			isa = PBXSourcesBuildPhase;
			buildActionMask = 2147483647;
			files = (
				AA6456AC271B3ED90080CC57 /* ParstagramTests.swift in Sources */,
			);
			runOnlyForDeploymentPostprocessing = 0;
		};
		AA6456AD271B3ED90080CC57 /* Sources */ = {
			isa = PBXSourcesBuildPhase;
			buildActionMask = 2147483647;
			files = (
				AA6456B8271B3ED90080CC57 /* ParstagramUITestsLaunchTests.swift in Sources */,
				AA6456B6271B3ED90080CC57 /* ParstagramUITests.swift in Sources */,
			);
			runOnlyForDeploymentPostprocessing = 0;
		};
/* End PBXSourcesBuildPhase section */

/* Begin PBXTargetDependency section */
		AA6456A9271B3ED90080CC57 /* PBXTargetDependency */ = {
			isa = PBXTargetDependency;
			target = AA645690271B3ED60080CC57 /* Parstagram */;
			targetProxy = AA6456A8271B3ED90080CC57 /* PBXContainerItemProxy */;
		};
		AA6456B3271B3ED90080CC57 /* PBXTargetDependency */ = {
			isa = PBXTargetDependency;
			target = AA645690271B3ED60080CC57 /* Parstagram */;
			targetProxy = AA6456B2271B3ED90080CC57 /* PBXContainerItemProxy */;
		};
/* End PBXTargetDependency section */

/* Begin PBXVariantGroup section */
		AA64569A271B3ED60080CC57 /* Main.storyboard */ = {
			isa = PBXVariantGroup;
			children = (
				AA64569B271B3ED60080CC57 /* Base */,
			);
			name = Main.storyboard;
			sourceTree = "<group>";
		};
		AA64569F271B3ED90080CC57 /* LaunchScreen.storyboard */ = {
			isa = PBXVariantGroup;
			children = (
				AA6456A0271B3ED90080CC57 /* Base */,
			);
			name = LaunchScreen.storyboard;
			sourceTree = "<group>";
		};
/* End PBXVariantGroup section */

/* Begin XCBuildConfiguration section */
		AA6456B9271B3ED90080CC57 /* Debug */ = {
			isa = XCBuildConfiguration;
			buildSettings = {
				ALWAYS_SEARCH_USER_PATHS = NO;
				CLANG_ANALYZER_NONNULL = YES;
				CLANG_ANALYZER_NUMBER_OBJECT_CONVERSION = YES_AGGRESSIVE;
				CLANG_CXX_LANGUAGE_STANDARD = "gnu++17";
				CLANG_CXX_LIBRARY = "libc++";
				CLANG_ENABLE_MODULES = YES;
				CLANG_ENABLE_OBJC_ARC = YES;
				CLANG_ENABLE_OBJC_WEAK = YES;
				CLANG_WARN_BLOCK_CAPTURE_AUTORELEASING = YES;
				CLANG_WARN_BOOL_CONVERSION = YES;
				CLANG_WARN_COMMA = YES;
				CLANG_WARN_CONSTANT_CONVERSION = YES;
				CLANG_WARN_DEPRECATED_OBJC_IMPLEMENTATIONS = YES;
				CLANG_WARN_DIRECT_OBJC_ISA_USAGE = YES_ERROR;
				CLANG_WARN_DOCUMENTATION_COMMENTS = YES;
				CLANG_WARN_EMPTY_BODY = YES;
				CLANG_WARN_ENUM_CONVERSION = YES;
				CLANG_WARN_INFINITE_RECURSION = YES;
				CLANG_WARN_INT_CONVERSION = YES;
				CLANG_WARN_NON_LITERAL_NULL_CONVERSION = YES;
				CLANG_WARN_OBJC_IMPLICIT_RETAIN_SELF = YES;
				CLANG_WARN_OBJC_LITERAL_CONVERSION = YES;
				CLANG_WARN_OBJC_ROOT_CLASS = YES_ERROR;
				CLANG_WARN_QUOTED_INCLUDE_IN_FRAMEWORK_HEADER = YES;
				CLANG_WARN_RANGE_LOOP_ANALYSIS = YES;
				CLANG_WARN_STRICT_PROTOTYPES = YES;
				CLANG_WARN_SUSPICIOUS_MOVE = YES;
				CLANG_WARN_UNGUARDED_AVAILABILITY = YES_AGGRESSIVE;
				CLANG_WARN_UNREACHABLE_CODE = YES;
				CLANG_WARN__DUPLICATE_METHOD_MATCH = YES;
				COPY_PHASE_STRIP = NO;
				DEBUG_INFORMATION_FORMAT = dwarf;
				ENABLE_STRICT_OBJC_MSGSEND = YES;
				ENABLE_TESTABILITY = YES;
				GCC_C_LANGUAGE_STANDARD = gnu11;
				GCC_DYNAMIC_NO_PIC = NO;
				GCC_NO_COMMON_BLOCKS = YES;
				GCC_OPTIMIZATION_LEVEL = 0;
				GCC_PREPROCESSOR_DEFINITIONS = (
					"DEBUG=1",
					"$(inherited)",
				);
				GCC_WARN_64_TO_32_BIT_CONVERSION = YES;
				GCC_WARN_ABOUT_RETURN_TYPE = YES_ERROR;
				GCC_WARN_UNDECLARED_SELECTOR = YES;
				GCC_WARN_UNINITIALIZED_AUTOS = YES_AGGRESSIVE;
				GCC_WARN_UNUSED_FUNCTION = YES;
				GCC_WARN_UNUSED_VARIABLE = YES;
				IPHONEOS_DEPLOYMENT_TARGET = 15.0;
				MTL_ENABLE_DEBUG_INFO = INCLUDE_SOURCE;
				MTL_FAST_MATH = YES;
				ONLY_ACTIVE_ARCH = YES;
				SDKROOT = iphoneos;
				SWIFT_ACTIVE_COMPILATION_CONDITIONS = DEBUG;
				SWIFT_OPTIMIZATION_LEVEL = "-Onone";
			};
			name = Debug;
		};
		AA6456BA271B3ED90080CC57 /* Release */ = {
			isa = XCBuildConfiguration;
			buildSettings = {
				ALWAYS_SEARCH_USER_PATHS = NO;
				CLANG_ANALYZER_NONNULL = YES;
				CLANG_ANALYZER_NUMBER_OBJECT_CONVERSION = YES_AGGRESSIVE;
				CLANG_CXX_LANGUAGE_STANDARD = "gnu++17";
				CLANG_CXX_LIBRARY = "libc++";
				CLANG_ENABLE_MODULES = YES;
				CLANG_ENABLE_OBJC_ARC = YES;
				CLANG_ENABLE_OBJC_WEAK = YES;
				CLANG_WARN_BLOCK_CAPTURE_AUTORELEASING = YES;
				CLANG_WARN_BOOL_CONVERSION = YES;
				CLANG_WARN_COMMA = YES;
				CLANG_WARN_CONSTANT_CONVERSION = YES;
				CLANG_WARN_DEPRECATED_OBJC_IMPLEMENTATIONS = YES;
				CLANG_WARN_DIRECT_OBJC_ISA_USAGE = YES_ERROR;
				CLANG_WARN_DOCUMENTATION_COMMENTS = YES;
				CLANG_WARN_EMPTY_BODY = YES;
				CLANG_WARN_ENUM_CONVERSION = YES;
				CLANG_WARN_INFINITE_RECURSION = YES;
				CLANG_WARN_INT_CONVERSION = YES;
				CLANG_WARN_NON_LITERAL_NULL_CONVERSION = YES;
				CLANG_WARN_OBJC_IMPLICIT_RETAIN_SELF = YES;
				CLANG_WARN_OBJC_LITERAL_CONVERSION = YES;
				CLANG_WARN_OBJC_ROOT_CLASS = YES_ERROR;
				CLANG_WARN_QUOTED_INCLUDE_IN_FRAMEWORK_HEADER = YES;
				CLANG_WARN_RANGE_LOOP_ANALYSIS = YES;
				CLANG_WARN_STRICT_PROTOTYPES = YES;
				CLANG_WARN_SUSPICIOUS_MOVE = YES;
				CLANG_WARN_UNGUARDED_AVAILABILITY = YES_AGGRESSIVE;
				CLANG_WARN_UNREACHABLE_CODE = YES;
				CLANG_WARN__DUPLICATE_METHOD_MATCH = YES;
				COPY_PHASE_STRIP = NO;
				DEBUG_INFORMATION_FORMAT = "dwarf-with-dsym";
				ENABLE_NS_ASSERTIONS = NO;
				ENABLE_STRICT_OBJC_MSGSEND = YES;
				GCC_C_LANGUAGE_STANDARD = gnu11;
				GCC_NO_COMMON_BLOCKS = YES;
				GCC_WARN_64_TO_32_BIT_CONVERSION = YES;
				GCC_WARN_ABOUT_RETURN_TYPE = YES_ERROR;
				GCC_WARN_UNDECLARED_SELECTOR = YES;
				GCC_WARN_UNINITIALIZED_AUTOS = YES_AGGRESSIVE;
				GCC_WARN_UNUSED_FUNCTION = YES;
				GCC_WARN_UNUSED_VARIABLE = YES;
				IPHONEOS_DEPLOYMENT_TARGET = 15.0;
				MTL_ENABLE_DEBUG_INFO = NO;
				MTL_FAST_MATH = YES;
				SDKROOT = iphoneos;
				SWIFT_COMPILATION_MODE = wholemodule;
				SWIFT_OPTIMIZATION_LEVEL = "-O";
				VALIDATE_PRODUCT = YES;
			};
			name = Release;
		};
		AA6456BC271B3ED90080CC57 /* Debug */ = {
			isa = XCBuildConfiguration;
			baseConfigurationReference = 5C6618EA7462B0F5C3957D09 /* Pods-Parstagram.debug.xcconfig */;
			buildSettings = {
				ASSETCATALOG_COMPILER_APPICON_NAME = AppIcon;
				ASSETCATALOG_COMPILER_GLOBAL_ACCENT_COLOR_NAME = AccentColor;
				CODE_SIGN_STYLE = Automatic;
				CURRENT_PROJECT_VERSION = 1;
				DEVELOPMENT_TEAM = MJ6J3PR5TZ;
				GENERATE_INFOPLIST_FILE = YES;
				INFOPLIST_FILE = Parstagram/Info.plist;
				INFOPLIST_KEY_UIApplicationSupportsIndirectInputEvents = YES;
				INFOPLIST_KEY_UILaunchStoryboardName = LaunchScreen;
				INFOPLIST_KEY_UIMainStoryboardFile = Main;
				INFOPLIST_KEY_UISupportedInterfaceOrientations_iPad = "UIInterfaceOrientationPortrait UIInterfaceOrientationPortraitUpsideDown UIInterfaceOrientationLandscapeLeft UIInterfaceOrientationLandscapeRight";
				INFOPLIST_KEY_UISupportedInterfaceOrientations_iPhone = "UIInterfaceOrientationPortrait UIInterfaceOrientationLandscapeLeft UIInterfaceOrientationLandscapeRight";
				LD_RUNPATH_SEARCH_PATHS = (
					"$(inherited)",
					"@executable_path/Frameworks",
				);
				MARKETING_VERSION = 1.0;
				PRODUCT_BUNDLE_IDENTIFIER = com.floracai254.Parstagram;
				PRODUCT_NAME = "$(TARGET_NAME)";
				SWIFT_EMIT_LOC_STRINGS = YES;
				SWIFT_VERSION = 5.0;
				TARGETED_DEVICE_FAMILY = "1,2";
			};
			name = Debug;
		};
		AA6456BD271B3ED90080CC57 /* Release */ = {
			isa = XCBuildConfiguration;
			baseConfigurationReference = FE893ABF9D7BE623DC3F6C8A /* Pods-Parstagram.release.xcconfig */;
			buildSettings = {
				ASSETCATALOG_COMPILER_APPICON_NAME = AppIcon;
				ASSETCATALOG_COMPILER_GLOBAL_ACCENT_COLOR_NAME = AccentColor;
				CODE_SIGN_STYLE = Automatic;
				CURRENT_PROJECT_VERSION = 1;
				DEVELOPMENT_TEAM = MJ6J3PR5TZ;
				GENERATE_INFOPLIST_FILE = YES;
				INFOPLIST_FILE = Parstagram/Info.plist;
				INFOPLIST_KEY_UIApplicationSupportsIndirectInputEvents = YES;
				INFOPLIST_KEY_UILaunchStoryboardName = LaunchScreen;
				INFOPLIST_KEY_UIMainStoryboardFile = Main;
				INFOPLIST_KEY_UISupportedInterfaceOrientations_iPad = "UIInterfaceOrientationPortrait UIInterfaceOrientationPortraitUpsideDown UIInterfaceOrientationLandscapeLeft UIInterfaceOrientationLandscapeRight";
				INFOPLIST_KEY_UISupportedInterfaceOrientations_iPhone = "UIInterfaceOrientationPortrait UIInterfaceOrientationLandscapeLeft UIInterfaceOrientationLandscapeRight";
				LD_RUNPATH_SEARCH_PATHS = (
					"$(inherited)",
					"@executable_path/Frameworks",
				);
				MARKETING_VERSION = 1.0;
				PRODUCT_BUNDLE_IDENTIFIER = com.floracai254.Parstagram;
				PRODUCT_NAME = "$(TARGET_NAME)";
				SWIFT_EMIT_LOC_STRINGS = YES;
				SWIFT_VERSION = 5.0;
				TARGETED_DEVICE_FAMILY = "1,2";
			};
			name = Release;
		};
		AA6456BF271B3ED90080CC57 /* Debug */ = {
			isa = XCBuildConfiguration;
			baseConfigurationReference = 41590F174827DF26B747B587 /* Pods-ParstagramTests.debug.xcconfig */;
			buildSettings = {
				ALWAYS_EMBED_SWIFT_STANDARD_LIBRARIES = YES;
				BUNDLE_LOADER = "$(TEST_HOST)";
				CODE_SIGN_STYLE = Automatic;
				CURRENT_PROJECT_VERSION = 1;
				DEVELOPMENT_TEAM = MJ6J3PR5TZ;
				GENERATE_INFOPLIST_FILE = YES;
				IPHONEOS_DEPLOYMENT_TARGET = 15.0;
				LD_RUNPATH_SEARCH_PATHS = (
					"$(inherited)",
					"@executable_path/Frameworks",
					"@loader_path/Frameworks",
				);
				MARKETING_VERSION = 1.0;
				PRODUCT_BUNDLE_IDENTIFIER = com.floracai254.ParstagramTests;
				PRODUCT_NAME = "$(TARGET_NAME)";
				SWIFT_EMIT_LOC_STRINGS = NO;
				SWIFT_VERSION = 5.0;
				TARGETED_DEVICE_FAMILY = "1,2";
				TEST_HOST = "$(BUILT_PRODUCTS_DIR)/Parstagram.app/Parstagram";
			};
			name = Debug;
		};
		AA6456C0271B3ED90080CC57 /* Release */ = {
			isa = XCBuildConfiguration;
			baseConfigurationReference = D585CF52C443349CF868E3BC /* Pods-ParstagramTests.release.xcconfig */;
			buildSettings = {
				ALWAYS_EMBED_SWIFT_STANDARD_LIBRARIES = YES;
				BUNDLE_LOADER = "$(TEST_HOST)";
				CODE_SIGN_STYLE = Automatic;
				CURRENT_PROJECT_VERSION = 1;
				DEVELOPMENT_TEAM = MJ6J3PR5TZ;
				GENERATE_INFOPLIST_FILE = YES;
				IPHONEOS_DEPLOYMENT_TARGET = 15.0;
				LD_RUNPATH_SEARCH_PATHS = (
					"$(inherited)",
					"@executable_path/Frameworks",
					"@loader_path/Frameworks",
				);
				MARKETING_VERSION = 1.0;
				PRODUCT_BUNDLE_IDENTIFIER = com.floracai254.ParstagramTests;
				PRODUCT_NAME = "$(TARGET_NAME)";
				SWIFT_EMIT_LOC_STRINGS = NO;
				SWIFT_VERSION = 5.0;
				TARGETED_DEVICE_FAMILY = "1,2";
				TEST_HOST = "$(BUILT_PRODUCTS_DIR)/Parstagram.app/Parstagram";
			};
			name = Release;
		};
		AA6456C2271B3ED90080CC57 /* Debug */ = {
			isa = XCBuildConfiguration;
			baseConfigurationReference = DB186741A2E97F9535274AED /* Pods-Parstagram-ParstagramUITests.debug.xcconfig */;
			buildSettings = {
				ALWAYS_EMBED_SWIFT_STANDARD_LIBRARIES = YES;
				CODE_SIGN_STYLE = Automatic;
				CURRENT_PROJECT_VERSION = 1;
				DEVELOPMENT_TEAM = MJ6J3PR5TZ;
				GENERATE_INFOPLIST_FILE = YES;
				LD_RUNPATH_SEARCH_PATHS = (
					"$(inherited)",
					"@executable_path/Frameworks",
					"@loader_path/Frameworks",
				);
				MARKETING_VERSION = 1.0;
				PRODUCT_BUNDLE_IDENTIFIER = com.floracai254.ParstagramUITests;
				PRODUCT_NAME = "$(TARGET_NAME)";
				SWIFT_EMIT_LOC_STRINGS = NO;
				SWIFT_VERSION = 5.0;
				TARGETED_DEVICE_FAMILY = "1,2";
				TEST_TARGET_NAME = Parstagram;
			};
			name = Debug;
		};
		AA6456C3271B3ED90080CC57 /* Release */ = {
			isa = XCBuildConfiguration;
			baseConfigurationReference = C4E1C7EDB453F2E9CE544A45 /* Pods-Parstagram-ParstagramUITests.release.xcconfig */;
			buildSettings = {
				ALWAYS_EMBED_SWIFT_STANDARD_LIBRARIES = YES;
				CODE_SIGN_STYLE = Automatic;
				CURRENT_PROJECT_VERSION = 1;
				DEVELOPMENT_TEAM = MJ6J3PR5TZ;
				GENERATE_INFOPLIST_FILE = YES;
				LD_RUNPATH_SEARCH_PATHS = (
					"$(inherited)",
					"@executable_path/Frameworks",
					"@loader_path/Frameworks",
				);
				MARKETING_VERSION = 1.0;
				PRODUCT_BUNDLE_IDENTIFIER = com.floracai254.ParstagramUITests;
				PRODUCT_NAME = "$(TARGET_NAME)";
				SWIFT_EMIT_LOC_STRINGS = NO;
				SWIFT_VERSION = 5.0;
				TARGETED_DEVICE_FAMILY = "1,2";
				TEST_TARGET_NAME = Parstagram;
			};
			name = Release;
		};
/* End XCBuildConfiguration section */

/* Begin XCConfigurationList section */
		AA64568C271B3ED60080CC57 /* Build configuration list for PBXProject "Parstagram" */ = {
			isa = XCConfigurationList;
			buildConfigurations = (
				AA6456B9271B3ED90080CC57 /* Debug */,
				AA6456BA271B3ED90080CC57 /* Release */,
			);
			defaultConfigurationIsVisible = 0;
			defaultConfigurationName = Release;
		};
		AA6456BB271B3ED90080CC57 /* Build configuration list for PBXNativeTarget "Parstagram" */ = {
			isa = XCConfigurationList;
			buildConfigurations = (
				AA6456BC271B3ED90080CC57 /* Debug */,
				AA6456BD271B3ED90080CC57 /* Release */,
			);
			defaultConfigurationIsVisible = 0;
			defaultConfigurationName = Release;
		};
		AA6456BE271B3ED90080CC57 /* Build configuration list for PBXNativeTarget "ParstagramTests" */ = {
			isa = XCConfigurationList;
			buildConfigurations = (
				AA6456BF271B3ED90080CC57 /* Debug */,
				AA6456C0271B3ED90080CC57 /* Release */,
			);
			defaultConfigurationIsVisible = 0;
			defaultConfigurationName = Release;
		};
		AA6456C1271B3ED90080CC57 /* Build configuration list for PBXNativeTarget "ParstagramUITests" */ = {
			isa = XCConfigurationList;
			buildConfigurations = (
				AA6456C2271B3ED90080CC57 /* Debug */,
				AA6456C3271B3ED90080CC57 /* Release */,
			);
			defaultConfigurationIsVisible = 0;
			defaultConfigurationName = Release;
		};
/* End XCConfigurationList section */
	};
	rootObject = AA645689271B3ED60080CC57 /* Project object */;
}
